
Microsoft Visual Studio Solution File, Format Version 12.00
# Visual Studio 2013
VisualStudioVersion = 12.0.21005.1
MinimumVisualStudioVersion = 10.0.40219.1
Project("{FAE04EC0-301F-11D3-BF4B-00C04F79EFBC}") = "OSSClient", "OSSClient\OSSClient.csproj", "{C8A035AC-848E-4F01-BFEB-20C65DDB076E}"
EndProject
Project("{FAE04EC0-301F-11D3-BF4B-00C04F79EFBC}") = "WebAppl", "WebAppl\WebAppl.csproj", "{596D1BB0-7B98-4331-97A3-51F86537A36D}"
EndProject
Project("{54435603-DBB4-11D2-8724-00A0C9A8B90C}") = "Setup", "Setup\Setup.vdproj", "{B37A547B-4C66-42E0-825F-56F619F5DD13}"
EndProject
Project("{FAE04EC0-301F-11D3-BF4B-00C04F79EFBC}") = "WinApp", "WinApp\WinApp.csproj", "{2850557C-2868-46D4-ADA8-93D5AB2D6773}"
EndProject
Global
	GlobalSection(SolutionConfigurationPlatforms) = preSolution
		Debug|Any CPU = Debug|Any CPU
		Release|Any CPU = Release|Any CPU
	EndGlobalSection
	GlobalSection(ProjectConfigurationPlatforms) = postSolution
		{C8A035AC-848E-4F01-BFEB-20C65DDB076E}.Debug|Any CPU.ActiveCfg = Debug|Any CPU
		{C8A035AC-848E-4F01-BFEB-20C65DDB076E}.Debug|Any CPU.Build.0 = Debug|Any CPU
		{C8A035AC-848E-4F01-BFEB-20C65DDB076E}.Release|Any CPU.ActiveCfg = Release|Any CPU
		{C8A035AC-848E-4F01-BFEB-20C65DDB076E}.Release|Any CPU.Build.0 = Release|Any CPU
		{596D1BB0-7B98-4331-97A3-51F86537A36D}.Debug|Any CPU.ActiveCfg = Debug|Any CPU
		{596D1BB0-7B98-4331-97A3-51F86537A36D}.Debug|Any CPU.Build.0 = Debug|Any CPU
		{596D1BB0-7B98-4331-97A3-51F86537A36D}.Release|Any CPU.ActiveCfg = Release|Any CPU
		{596D1BB0-7B98-4331-97A3-51F86537A36D}.Release|Any CPU.Build.0 = Release|Any CPU
		{B37A547B-4C66-42E0-825F-56F619F5DD13}.Debug|Any CPU.ActiveCfg = Debug
		{B37A547B-4C66-42E0-825F-56F619F5DD13}.Release|Any CPU.ActiveCfg = Release
		{2850557C-2868-46D4-ADA8-93D5AB2D6773}.Debug|Any CPU.ActiveCfg = Debug|Any CPU
		{2850557C-2868-46D4-ADA8-93D5AB2D6773}.Debug|Any CPU.Build.0 = Debug|Any CPU
		{2850557C-2868-46D4-ADA8-93D5AB2D6773}.Release|Any CPU.ActiveCfg = Release|Any CPU
		{2850557C-2868-46D4-ADA8-93D5AB2D6773}.Release|Any CPU.Build.0 = Release|Any CPU
	EndGlobalSection
	GlobalSection(SolutionProperties) = preSolution
		HideSolutionNode = FALSE
	EndGlobalSection
EndGlobal
